Microsoft Visual Studio Solution File, Format Version 12.00
# Visual Studio Version 17
VisualStudioVersion = 17.5.2.0
MinimumVisualStudioVersion = 10.0.40219.1
Project("{FAE04EC0-301F-11D3-BF4B-00C04F79EFBC}") = "BlackCoffe.API", "BlackCoffe.API\BlackCoffe.API.csproj", "{3C2C10B1-541F-25E3-6A5D-D7B70DE091A5}"
EndProject
Global
	GlobalSection(SolutionConfigurationPlatforms) = preSolution
		Debug|Any CPU = Debug|Any CPU
		Release|Any CPU = Release|Any CPU
	EndGlobalSection
	GlobalSection(ProjectConfigurationPlatforms) = postSolution
		{3C2C10B1-541F-25E3-6A5D-D7B70DE091A5}.Debug|Any CPU.ActiveCfg = Debug|Any CPU
		{3C2C10B1-541F-25E3-6A5D-D7B70DE091A5}.Debug|Any CPU.Build.0 = Debug|Any CPU
		{3C2C10B1-541F-25E3-6A5D-D7B70DE091A5}.Release|Any CPU.ActiveCfg = Release|Any CPU
		{3C2C10B1-541F-25E3-6A5D-D7B70DE091A5}.Release|Any CPU.Build.0 = Release|Any CPU
	EndGlobalSection
	GlobalSection(SolutionProperties) = preSolution
		HideSolutionNode = FALSE
	EndGlobalSection
	GlobalSection(ExtensibilityGlobals) = postSolution
		SolutionGuid = {1A86C796-8C9C-4475-9633-BC01469F18A4}
	EndGlobalSection
EndGlobal
